
Microsoft Visual Studio Solution File, Format Version 12.00
# Visual Studio Version 16
VisualStudioVersion = 16.0.31729.503
MinimumVisualStudioVersion = 10.0.40219.1
Project("{8BC9CEB8-8B4A-11D0-8D11-00A0C91BC942}") = "ProyectoII", "ProyectoII\ProyectoII.vcxproj", "{60981AEF-F1CA-490C-AD51-04931F6EAF79}"
EndProject
Global
	GlobalSection(SolutionConfigurationPlatforms) = preSolution
		Debug|x64 = Debug|x64
		Debug|x86 = Debug|x86
		Release|x64 = Release|x64
		Release|x86 = Release|x86
	EndGlobalSection
	GlobalSection(ProjectConfigurationPlatforms) = postSolution
		{60981AEF-F1CA-490C-AD51-04931F6EAF79}.Debug|x64.ActiveCfg = Debug|x64
		{60981AEF-F1CA-490C-AD51-04931F6EAF79}.Debug|x64.Build.0 = Debug|x64
		{60981AEF-F1CA-490C-AD51-04931F6EAF79}.Debug|x86.ActiveCfg = Debug|Win32
		{60981AEF-F1CA-490C-AD51-04931F6EAF79}.Debug|x86.Build.0 = Debug|Win32
		{60981AEF-F1CA-490C-AD51-04931F6EAF79}.Release|x64.ActiveCfg = Release|x64
		{60981AEF-F1CA-490C-AD51-04931F6EAF79}.Release|x64.Build.0 = Release|x64
		{60981AEF-F1CA-490C-AD51-04931F6EAF79}.Release|x86.ActiveCfg = Release|Win32
		{60981AEF-F1CA-490C-AD51-04931F6EAF79}.Release|x86.Build.0 = Release|Win32
	EndGlobalSection
	GlobalSection(SolutionProperties) = preSolution
		HideSolutionNode = FALSE
	EndGlobalSection
	GlobalSection(ExtensibilityGlobals) = postSolution
		SolutionGuid = {0A28E23C-717F-4A9A-A633-3CE8E09281B1}
	EndGlobalSection
EndGlobal
